{
  "name": "arc-agent-mandate-contracts",
  "lockfileVersion": 3,
  "requires": true,
  "packages": {
    "": {
      "name": "arc-agent-mandate-contracts",
      "license": "GPL-3.0-or-later",
      "dependencies": {
        "@openzeppelin/contracts": "5.0.2",
        "@openzeppelin/contracts-upgradeable": "5.0.2",
        "solady": "0.0.243"
      }
    },
    "node_modules/@openzeppelin/contracts": {
      "version": "5.0.2",
      "resolved": "https://registry.npmjs.org/@openzeppelin/contracts/-/contracts-5.0.2.tgz",
      "integrity": "sha512-ytPc6eLGcHHnapAZ9S+5qsdomhjo6QBHTDRRBFfTxXIpsicMhVPouPgmUPebZZZGX7vt9USA+Z+0M0dSVtSUEA==",
      "license": "MIT"
    },
    "node_modules/@openzeppelin/contracts-upgradeable": {
      "version": "5.0.2",
      "resolved": "https://registry.npmjs.org/@openzeppelin/contracts-upgradeable/-/contracts-upgradeable-5.0.2.tgz",
      "integrity": "sha512-0MmkHSHiW2NRFiT9/r5Lu4eJq5UJ4/tzlOgYXNAIj/ONkQTVnz22pLxDvp4C4uZ9he7ZFvGn3Driptn1/iU7tQ==",
      "license": "MIT",
      "peerDependencies": {
        "@openzeppelin/contracts": "5.0.2"
      }
    },
    "node_modules/solady": {
      "version": "0.0.243",
      "resolved": "https://registry.npmjs.org/solady/-/solady-0.0.243.tgz",
      "integrity": "sha512-KwYZ79Sx+KUQ04d4dyj5P+ny1yi1LYDYv2ixZtgr43Eyn3PTvc+21do+eHG63vl4ZSREh3B3W9BAIgar68qF1A==",
      "license": "MIT"
    }
  }
}
